// !$*UTF8*$!
{
	archiveVersion = 1;
	classes = {
	};
	objectVersion = 46;
	objects = {

/* Begin PBXBuildFile section */
		5B2862E01CDAAA6000F67CC5 /* AppDelegate.swift in Sources */ = {isa = PBXBuildFile; fileRef = 5B2862DF1CDAAA6000F67CC5 /* AppDelegate.swift */; };
		5B2862E21CDAAA6000F67CC5 /* ViewController.swift in Sources */ = {isa = PBXBuildFile; fileRef = 5B2862E11CDAAA6000F67CC5 /* ViewController.swift */; };
		5B2862E51CDAAA6000F67CC5 /* Main.storyboard in Resources */ = {isa = PBXBuildFile; fileRef = 5B2862E31CDAAA6000F67CC5 /* Main.storyboard */; };
		5B2862E71CDAAA6000F67CC5 /* Assets.xcassets in Resources */ = {isa = PBXBuildFile; fileRef = 5B2862E61CDAAA6000F67CC5 /* Assets.xcassets */; };
		5B2862EA1CDAAA6000F67CC5 /* LaunchScreen.storyboard in Resources */ = {isa = PBXBuildFile; fileRef = 5B2862E81CDAAA6000F67CC5 /* LaunchScreen.storyboard */; };
		5BE5B7EC1CDBFEB200261AA6 /* CalculatorBrain.swift in Sources */ = {isa = PBXBuildFile; fileRef = 5BE5B7EB1CDBFEB200261AA6 /* CalculatorBrain.swift */; };
/* End PBXBuildFile section */

/* Begin PBXFileReference section */
		5B2862DC1CDAAA6000F67CC5 /* Calculator.app */ = {isa = PBXFileReference; explicitFileType = wrapper.application; includeInIndex = 0; path = Calculator.app; sourceTree = BUILT_PRODUCTS_DIR; };
		5B2862DF1CDAAA6000F67CC5 /* AppDelegate.swift */ = {isa = PBXFileReference; lastKnownFileType = sourcecode.swift; path = AppDelegate.swift; sourceTree = "<group>"; };
		5B2862E11CDAAA6000F67CC5 /* ViewController.swift */ = {isa = PBXFileReference; lastKnownFileType = sourcecode.swift; path = ViewController.swift; sourceTree = "<group>"; };
		5B2862E41CDAAA6000F67CC5 /* Base */ = {isa = PBXFileReference; lastKnownFileType = file.storyboard; name = Base; path = Base.lproj/Main.storyboard; sourceTree = "<group>"; };
		5B2862E61CDAAA6000F67CC5 /* Assets.xcassets */ = {isa = PBXFileReference; lastKnownFileType = folder.assetcatalog; path = Assets.xcassets; sourceTree = "<group>"; };
		5B2862E91CDAAA6000F67CC5 /* Base */ = {isa = PBXFileReference; lastKnownFileType = file.storyboard; name = Base; path = Base.lproj/LaunchScreen.storyboard; sourceTree = "<group>"; };
		5B2862EB1CDAAA6000F67CC5 /* Info.plist */ = {isa = PBXFileReference; lastKnownFileType = text.plist.xml; path = Info.plist; sourceTree = "<group>"; };
		5B2862F21CDAB6AE00F67CC5 /* README.md */ = {isa = PBXFileReference; fileEncoding = 4; lastKnownFileType = net.daringfireball.markdown; path = README.md; sourceTree = "<group>"; };
		5BE5B7EB1CDBFEB200261AA6 /* CalculatorBrain.swift */ = {isa = PBXFileReference; fileEncoding = 4; lastKnownFileType = sourcecode.swift; path = CalculatorBrain.swift; sourceTree = "<group>"; };
/* End PBXFileReference section */

/* Begin PBXFrameworksBuildPhase section */
		5B2862D91CDAAA6000F67CC5 /* Frameworks */ = {
			isa = PBXFrameworksBuildPhase;
			buildActionMask = 2147483647;
			files = (
			);
			runOnlyForDeploymentPostprocessing = 0;
		};
/* End PBXFrameworksBuildPhase section */

/* Begin PBXGroup section */
		5B2862D31CDAAA6000F67CC5 = {
			isa = PBXGroup;
			children = (
				5B2862F21CDAB6AE00F67CC5 /* README.md */,
				5B2862DE1CDAAA6000F67CC5 /* Calculator */,
				5B2862F11CDAAD4100F67CC5 /* Supporting Files */,
				5B2862DD1CDAAA6000F67CC5 /* Products */,
			);
			sourceTree = "<group>";
		};
		5B2862DD1CDAAA6000F67CC5 /* Products */ = {
			isa = PBXGroup;
			children = (
				5B2862DC1CDAAA6000F67CC5 /* Calculator.app */,
			);
			name = Products;
			sourceTree = "<group>";
		};
		5B2862DE1CDAAA6000F67CC5 /* Calculator */ = {
			isa = PBXGroup;
			children = (
				5BE5B7EB1CDBFEB200261AA6 /* CalculatorBrain.swift */,
				5B2862E11CDAAA6000F67CC5 /* ViewController.swift */,
				5B2862E31CDAAA6000F67CC5 /* Main.storyboard */,
			);
			path = Calculator;
			sourceTree = "<group>";
		};
		5B2862F11CDAAD4100F67CC5 /* Supporting Files */ = {
			isa = PBXGroup;
			children = (
				5B2862DF1CDAAA6000F67CC5 /* AppDelegate.swift */,
				5B2862E61CDAAA6000F67CC5 /* Assets.xcassets */,
				5B2862E81CDAAA6000F67CC5 /* LaunchScreen.storyboard */,
				5B2862EB1CDAAA6000F67CC5 /* Info.plist */,
			);
			name = "Supporting Files";
			path = Calculator;
			sourceTree = "<group>";
		};
/* End PBXGroup section */

/* Begin PBXNativeTarget section */
		5B2862DB1CDAAA6000F67CC5 /* Calculator */ = {
			isa = PBXNativeTarget;
			buildConfigurationList = 5B2862EE1CDAAA6000F67CC5 /* Build configuration list for PBXNativeTarget "Calculator" */;
			buildPhases = (
				5B2862D81CDAAA6000F67CC5 /* Sources */,
				5B2862D91CDAAA6000F67CC5 /* Frameworks */,
				5B2862DA1CDAAA6000F67CC5 /* Resources */,
			);
			buildRules = (
			);
			dependencies = (
			);
			name = Calculator;
			productName = Calculator;
			productReference = 5B2862DC1CDAAA6000F67CC5 /* Calculator.app */;
			productType = "com.apple.product-type.application";
		};
/* End PBXNativeTarget section */

/* Begin PBXProject section */
		5B2862D41CDAAA6000F67CC5 /* Project object */ = {
			isa = PBXProject;
			attributes = {
				LastSwiftUpdateCheck = 0720;
				LastUpgradeCheck = 0720;
				ORGANIZATIONNAME = "m2m server software gmbh";
				TargetAttributes = {
					5B2862DB1CDAAA6000F67CC5 = {
						CreatedOnToolsVersion = 7.2.1;
						DevelopmentTeam = ZZANS5H429;
					};
				};
			};
			buildConfigurationList = 5B2862D71CDAAA6000F67CC5 /* Build configuration list for PBXProject "Calculator" */;
			compatibilityVersion = "Xcode 3.2";
			developmentRegion = English;
			hasScannedForEncodings = 0;
			knownRegions = (
				en,
				Base,
			);
			mainGroup = 5B2862D31CDAAA6000F67CC5;
			productRefGroup = 5B2862DD1CDAAA6000F67CC5 /* Products */;
			projectDirPath = "";
			projectRoot = "";
			targets = (
				5B2862DB1CDAAA6000F67CC5 /* Calculator */,
			);
		};
/* End PBXProject section */

/* Begin PBXResourcesBuildPhase section */
		5B2862DA1CDAAA6000F67CC5 /* Resources */ = {
			isa = PBXResourcesBuildPhase;
			buildActionMask = 2147483647;
			files = (
				5B2862EA1CDAAA6000F67CC5 /* LaunchScreen.storyboard in Resources */,
				5B2862E71CDAAA6000F67CC5 /* Assets.xcassets in Resources */,
				5B2862E51CDAAA6000F67CC5 /* Main.storyboard in Resources */,
			);
			runOnlyForDeploymentPostprocessing = 0;
		};
/* End PBXResourcesBuildPhase section */

/* Begin PBXSourcesBuildPhase section */
		5B2862D81CDAAA6000F67CC5 /* Sources */ = {
			isa = PBXSourcesBuildPhase;
			buildActionMask = 2147483647;
			files = (
				5BE5B7EC1CDBFEB200261AA6 /* CalculatorBrain.swift in Sources */,
				5B2862E21CDAAA6000F67CC5 /* ViewController.swift in Sources */,
				5B2862E01CDAAA6000F67CC5 /* AppDelegate.swift in Sources */,
			);
			runOnlyForDeploymentPostprocessing = 0;
		};
/* End PBXSourcesBuildPhase section */

/* Begin PBXVariantGroup section */
		5B2862E31CDAAA6000F67CC5 /* Main.storyboard */ = {
			isa = PBXVariantGroup;
			children = (
				5B2862E41CDAAA6000F67CC5 /* Base */,
			);
			name = Main.storyboard;
			sourceTree = "<group>";
		};
		5B2862E81CDAAA6000F67CC5 /* LaunchScreen.storyboard */ = {
			isa = PBXVariantGroup;
			children = (
				5B2862E91CDAAA6000F67CC5 /* Base */,
			);
			name = LaunchScreen.storyboard;
			sourceTree = "<group>";
		};
/* End PBXVariantGroup section */

/* Begin XCBuildConfiguration section */
		5B2862EC1CDAAA6000F67CC5 /* Debug */ = {
			isa = XCBuildConfiguration;
			buildSettings = {
				ALWAYS_SEARCH_USER_PATHS = NO;
				CLANG_CXX_LANGUAGE_STANDARD = "gnu++0x";
				CLANG_CXX_LIBRARY = "libc++";
				CLANG_ENABLE_MODULES = YES;
				CLANG_ENABLE_OBJC_ARC = YES;
				CLANG_WARN_BOOL_CONVERSION = YES;
				CLANG_WARN_CONSTANT_CONVERSION = YES;
				CLANG_WARN_DIRECT_OBJC_ISA_USAGE = YES_ERROR;
				CLANG_WARN_EMPTY_BODY = YES;
				CLANG_WARN_ENUM_CONVERSION = YES;
				CLANG_WARN_INT_CONVERSION = YES;
				CLANG_WARN_OBJC_ROOT_CLASS = YES_ERROR;
				CLANG_WARN_UNREACHABLE_CODE = YES;
				CLANG_WARN__DUPLICATE_METHOD_MATCH = YES;
				"CODE_SIGN_IDENTITY[sdk=iphoneos*]" = "iPhone Developer";
				COPY_PHASE_STRIP = NO;
				DEBUG_INFORMATION_FORMAT = dwarf;
				ENABLE_STRICT_OBJC_MSGSEND = YES;
				ENABLE_TESTABILITY = YES;
				GCC_C_LANGUAGE_STANDARD = gnu99;
				GCC_DYNAMIC_NO_PIC = NO;
				GCC_NO_COMMON_BLOCKS = YES;
				GCC_OPTIMIZATION_LEVEL = 0;
				GCC_PREPROCESSOR_DEFINITIONS = (
					"DEBUG=1",
					"$(inherited)",
				);
				GCC_WARN_64_TO_32_BIT_CONVERSION = YES;
				GCC_WARN_ABOUT_RETURN_TYPE = YES_ERROR;
				GCC_WARN_UNDECLARED_SELECTOR = YES;
				GCC_WARN_UNINITIALIZED_AUTOS = YES_AGGRESSIVE;
				GCC_WARN_UNUSED_FUNCTION = YES;
				GCC_WARN_UNUSED_VARIABLE = YES;
				IPHONEOS_DEPLOYMENT_TARGET = 9.2;
				MTL_ENABLE_DEBUG_INFO = YES;
				ONLY_ACTIVE_ARCH = YES;
				SDKROOT = iphoneos;
				SWIFT_OPTIMIZATION_LEVEL = "-Onone";
				TARGETED_DEVICE_FAMILY = "1,2";
			};
			name = Debug;
		};
		5B2862ED1CDAAA6000F67CC5 /* Release */ = {
			isa = XCBuildConfiguration;
			buildSettings = {
				ALWAYS_SEARCH_USER_PATHS = NO;
				CLANG_CXX_LANGUAGE_STANDARD = "gnu++0x";
				CLANG_CXX_LIBRARY = "libc++";
				CLANG_ENABLE_MODULES = YES;
				CLANG_ENABLE_OBJC_ARC = YES;
				CLANG_WARN_BOOL_CONVERSION = YES;
				CLANG_WARN_CONSTANT_CONVERSION = YES;
				CLANG_WARN_DIRECT_OBJC_ISA_USAGE = YES_ERROR;
				CLANG_WARN_EMPTY_BODY = YES;
				CLANG_WARN_ENUM_CONVERSION = YES;
				CLANG_WARN_INT_CONVERSION = YES;
				CLANG_WARN_OBJC_ROOT_CLASS = YES_ERROR;
				CLANG_WARN_UNREACHABLE_CODE = YES;
				CLANG_WARN__DUPLICATE_METHOD_MATCH = YES;
				"CODE_SIGN_IDENTITY[sdk=iphoneos*]" = "iPhone Developer";
				COPY_PHASE_STRIP = NO;
				DEBUG_INFORMATION_FORMAT = "dwarf-with-dsym";
				ENABLE_NS_ASSERTIONS = NO;
				ENABLE_STRICT_OBJC_MSGSEND = YES;
				GCC_C_LANGUAGE_STANDARD = gnu99;
				GCC_NO_COMMON_BLOCKS = YES;
				GCC_WARN_64_TO_32_BIT_CONVERSION = YES;
				GCC_WARN_ABOUT_RETURN_TYPE = YES_ERROR;
				GCC_WARN_UNDECLARED_SELECTOR = YES;
				GCC_WARN_UNINITIALIZED_AUTOS = YES_AGGRESSIVE;
				GCC_WARN_UNUSED_FUNCTION = YES;
				GCC_WARN_UNUSED_VARIABLE = YES;
				IPHONEOS_DEPLOYMENT_TARGET = 9.2;
				MTL_ENABLE_DEBUG_INFO = NO;
				SDKROOT = iphoneos;
				TARGETED_DEVICE_FAMILY = "1,2";
				VALIDATE_PRODUCT = YES;
			};
			name = Release;
		};
		5B2862EF1CDAAA6000F67CC5 /* Debug */ = {
			isa = XCBuildConfiguration;
			buildSettings = {
				ASSETCATALOG_COMPILER_APPICON_NAME = AppIcon;
				CODE_SIGN_IDENTITY = "iPhone Developer";
				INFOPLIST_FILE = Calculator/Info.plist;
				LD_RUNPATH_SEARCH_PATHS = "$(inherited) @executable_path/Frameworks";
				PRODUCT_BUNDLE_IDENTIFIER = at.m2m.Calculator;
				PRODUCT_NAME = "$(TARGET_NAME)";
			};
			name = Debug;
		};
		5B2862F01CDAAA6000F67CC5 /* Release */ = {
			isa = XCBuildConfiguration;
			buildSettings = {
				ASSETCATALOG_COMPILER_APPICON_NAME = AppIcon;
				CODE_SIGN_IDENTITY = "iPhone Developer";
				INFOPLIST_FILE = Calculator/Info.plist;
				LD_RUNPATH_SEARCH_PATHS = "$(inherited) @executable_path/Frameworks";
				PRODUCT_BUNDLE_IDENTIFIER = at.m2m.Calculator;
				PRODUCT_NAME = "$(TARGET_NAME)";
			};
			name = Release;
		};
/* End XCBuildConfiguration section */

/* Begin XCConfigurationList section */
		5B2862D71CDAAA6000F67CC5 /* Build configuration list for PBXProject "Calculator" */ = {
			isa = XCConfigurationList;
			buildConfigurations = (
				5B2862EC1CDAAA6000F67CC5 /* Debug */,
				5B2862ED1CDAAA6000F67CC5 /* Release */,
			);
			defaultConfigurationIsVisible = 0;
			defaultConfigurationName = Release;
		};
		5B2862EE1CDAAA6000F67CC5 /* Build configuration list for PBXNativeTarget "Calculator" */ = {
			isa = XCConfigurationList;
			buildConfigurations = (
				5B2862EF1CDAAA6000F67CC5 /* Debug */,
				5B2862F01CDAAA6000F67CC5 /* Release */,
			);
			defaultConfigurationIsVisible = 0;
			defaultConfigurationName = Release;
		};
/* End XCConfigurationList section */
	};
	rootObject = 5B2862D41CDAAA6000F67CC5 /* Project object */;
}
